// !$*UTF8*$!
{
	archiveVersion = 1;
	classes = {
	};
	objectVersion = 50;
	objects = {

/* Begin PBXBuildFile section */
		D8FA40952202EC04003CC79F /* AppDelegate.swift in Sources */ = {isa = PBXBuildFile; fileRef = D8FA40942202EC04003CC79F /* AppDelegate.swift */; };
		D8FA40972202EC04003CC79F /* BooksViewController.swift in Sources */ = {isa = PBXBuildFile; fileRef = D8FA40962202EC04003CC79F /* BooksViewController.swift */; };
		D8FA409A2202EC04003CC79F /* Books.storyboard in Resources */ = {isa = PBXBuildFile; fileRef = D8FA40982202EC04003CC79F /* Books.storyboard */; };
		D8FA409C2202EC06003CC79F /* Assets.xcassets in Resources */ = {isa = PBXBuildFile; fileRef = D8FA409B2202EC06003CC79F /* Assets.xcassets */; };
		D8FA409F2202EC07003CC79F /* LaunchScreen.storyboard in Resources */ = {isa = PBXBuildFile; fileRef = D8FA409D2202EC06003CC79F /* LaunchScreen.storyboard */; };
		D8FA40AA2202EC07003CC79F /* InstitutionAppTests.swift in Sources */ = {isa = PBXBuildFile; fileRef = D8FA40A92202EC07003CC79F /* InstitutionAppTests.swift */; };
/* End PBXBuildFile section */

/* Begin PBXContainerItemProxy section */
		D8FA40A62202EC07003CC79F /* PBXContainerItemProxy */ = {
			isa = PBXContainerItemProxy;
			containerPortal = D8FA40892202EC04003CC79F /* Project object */;
			proxyType = 1;
			remoteGlobalIDString = D8FA40902202EC04003CC79F;
			remoteInfo = InstitutionApp;
		};
/* End PBXContainerItemProxy section */

/* Begin PBXFileReference section */
		D8FA40912202EC04003CC79F /* InstitutionApp.app */ = {isa = PBXFileReference; explicitFileType = wrapper.application; includeInIndex = 0; path = InstitutionApp.app; sourceTree = BUILT_PRODUCTS_DIR; };
		D8FA40942202EC04003CC79F /* AppDelegate.swift */ = {isa = PBXFileReference; lastKnownFileType = sourcecode.swift; path = AppDelegate.swift; sourceTree = "<group>"; };
		D8FA40962202EC04003CC79F /* BooksViewController.swift */ = {isa = PBXFileReference; lastKnownFileType = sourcecode.swift; path = BooksViewController.swift; sourceTree = "<group>"; };
		D8FA40992202EC04003CC79F /* Base */ = {isa = PBXFileReference; lastKnownFileType = file.storyboard; name = Base; path = Base.lproj/Books.storyboard; sourceTree = "<group>"; };
		D8FA409B2202EC06003CC79F /* Assets.xcassets */ = {isa = PBXFileReference; lastKnownFileType = folder.assetcatalog; path = Assets.xcassets; sourceTree = "<group>"; };
		D8FA409E2202EC06003CC79F /* Base */ = {isa = PBXFileReference; lastKnownFileType = file.storyboard; name = Base; path = Base.lproj/LaunchScreen.storyboard; sourceTree = "<group>"; };
		D8FA40A02202EC07003CC79F /* Info.plist */ = {isa = PBXFileReference; lastKnownFileType = text.plist.xml; path = Info.plist; sourceTree = "<group>"; };
		D8FA40A52202EC07003CC79F /* InstitutionAppTests.xctest */ = {isa = PBXFileReference; explicitFileType = wrapper.cfbundle; includeInIndex = 0; path = InstitutionAppTests.xctest; sourceTree = BUILT_PRODUCTS_DIR; };
		D8FA40A92202EC07003CC79F /* InstitutionAppTests.swift */ = {isa = PBXFileReference; lastKnownFileType = sourcecode.swift; path = InstitutionAppTests.swift; sourceTree = "<group>"; };
		D8FA40AB2202EC07003CC79F /* Info.plist */ = {isa = PBXFileReference; lastKnownFileType = text.plist.xml; path = Info.plist; sourceTree = "<group>"; };
/* End PBXFileReference section */

/* Begin PBXFrameworksBuildPhase section */
		D8FA408E2202EC04003CC79F /* Frameworks */ = {
			isa = PBXFrameworksBuildPhase;
			buildActionMask = 2147483647;
			files = (
			);
			runOnlyForDeploymentPostprocessing = 0;
		};
		D8FA40A22202EC07003CC79F /* Frameworks */ = {
			isa = PBXFrameworksBuildPhase;
			buildActionMask = 2147483647;
			files = (
			);
			runOnlyForDeploymentPostprocessing = 0;
		};
/* End PBXFrameworksBuildPhase section */

/* Begin PBXGroup section */
		D8FA40882202EC04003CC79F = {
			isa = PBXGroup;
			children = (
				D8FA40932202EC04003CC79F /* InstitutionApp */,
				D8FA40A82202EC07003CC79F /* InstitutionAppTests */,
				D8FA40922202EC04003CC79F /* Products */,
			);
			sourceTree = "<group>";
		};
		D8FA40922202EC04003CC79F /* Products */ = {
			isa = PBXGroup;
			children = (
				D8FA40912202EC04003CC79F /* InstitutionApp.app */,
				D8FA40A52202EC07003CC79F /* InstitutionAppTests.xctest */,
			);
			name = Products;
			sourceTree = "<group>";
		};
		D8FA40932202EC04003CC79F /* InstitutionApp */ = {
			isa = PBXGroup;
			children = (
				D8FA40B72202F9CE003CC79F /* Audio */,
				D8FA40B62202F94D003CC79F /* About */,
				D8FA40B52202F916003CC79F /* Contact */,
				D8FA40B42202F890003CC79F /* Books */,
				D8FA40C5220300A4003CC79F /* Launch */,
				D8FA40C422030096003CC79F /* Resources */,
				D8FA40942202EC04003CC79F /* AppDelegate.swift */,
			);
			path = InstitutionApp;
			sourceTree = "<group>";
		};
		D8FA40A82202EC07003CC79F /* InstitutionAppTests */ = {
			isa = PBXGroup;
			children = (
				D8FA40A92202EC07003CC79F /* InstitutionAppTests.swift */,
				D8FA40AB2202EC07003CC79F /* Info.plist */,
			);
			path = InstitutionAppTests;
			sourceTree = "<group>";
		};
		D8FA40B42202F890003CC79F /* Books */ = {
			isa = PBXGroup;
			children = (
				D8FA40C32202FB35003CC79F /* ViewModel */,
				D8FA40C22202FB2F003CC79F /* Model */,
				D8FA40C12202FB2A003CC79F /* View */,
				D8FA40982202EC04003CC79F /* Books.storyboard */,
				D8FA40962202EC04003CC79F /* BooksViewController.swift */,
			);
			path = Books;
			sourceTree = "<group>";
		};
		D8FA40B52202F916003CC79F /* Contact */ = {
			isa = PBXGroup;
			children = (
				D8FA40C02202FB22003CC79F /* View */,
				D8FA40BF2202FB1C003CC79F /* ViewModel */,
				D8FA40BE2202FB13003CC79F /* Model */,
			);
			path = Contact;
			sourceTree = "<group>";
		};
		D8FA40B62202F94D003CC79F /* About */ = {
			isa = PBXGroup;
			children = (
				D8FA40BD2202FB0B003CC79F /* Model */,
				D8FA40BC2202FB04003CC79F /* ViewModel */,
				D8FA40BB2202FAFF003CC79F /* View */,
			);
			path = About;
			sourceTree = "<group>";
		};
		D8FA40B72202F9CE003CC79F /* Audio */ = {
			isa = PBXGroup;
			children = (
				D8FA40BA2202FAED003CC79F /* View */,
				D8FA40B92202FAE6003CC79F /* ViewModel */,
				D8FA40B82202FADA003CC79F /* Model */,
			);
			path = Audio;
			sourceTree = "<group>";
		};
		D8FA40B82202FADA003CC79F /* Model */ = {
			isa = PBXGroup;
			children = (
			);
			path = Model;
			sourceTree = "<group>";
		};
		D8FA40B92202FAE6003CC79F /* ViewModel */ = {
			isa = PBXGroup;
			children = (
			);
			path = ViewModel;
			sourceTree = "<group>";
		};
		D8FA40BA2202FAED003CC79F /* View */ = {
			isa = PBXGroup;
			children = (
			);
			path = View;
			sourceTree = "<group>";
		};
		D8FA40BB2202FAFF003CC79F /* View */ = {
			isa = PBXGroup;
			children = (
			);
			path = View;
			sourceTree = "<group>";
		};
		D8FA40BC2202FB04003CC79F /* ViewModel */ = {
			isa = PBXGroup;
			children = (
			);
			path = ViewModel;
			sourceTree = "<group>";
		};
		D8FA40BD2202FB0B003CC79F /* Model */ = {
			isa = PBXGroup;
			children = (
			);
			path = Model;
			sourceTree = "<group>";
		};
		D8FA40BE2202FB13003CC79F /* Model */ = {
			isa = PBXGroup;
			children = (
			);
			path = Model;
			sourceTree = "<group>";
		};
		D8FA40BF2202FB1C003CC79F /* ViewModel */ = {
			isa = PBXGroup;
			children = (
			);
			path = ViewModel;
			sourceTree = "<group>";
		};
		D8FA40C02202FB22003CC79F /* View */ = {
			isa = PBXGroup;
			children = (
			);
			path = View;
			sourceTree = "<group>";
		};
		D8FA40C12202FB2A003CC79F /* View */ = {
			isa = PBXGroup;
			children = (
			);
			path = View;
			sourceTree = "<group>";
		};
		D8FA40C22202FB2F003CC79F /* Model */ = {
			isa = PBXGroup;
			children = (
			);
			path = Model;
			sourceTree = "<group>";
		};
		D8FA40C32202FB35003CC79F /* ViewModel */ = {
			isa = PBXGroup;
			children = (
			);
			path = ViewModel;
			sourceTree = "<group>";
		};
		D8FA40C422030096003CC79F /* Resources */ = {
			isa = PBXGroup;
			children = (
				D8FA409B2202EC06003CC79F /* Assets.xcassets */,
				D8FA40A02202EC07003CC79F /* Info.plist */,
			);
			path = Resources;
			sourceTree = "<group>";
		};
		D8FA40C5220300A4003CC79F /* Launch */ = {
			isa = PBXGroup;
			children = (
				D8FA409D2202EC06003CC79F /* LaunchScreen.storyboard */,
			);
			path = Launch;
			sourceTree = "<group>";
		};
/* End PBXGroup section */

/* Begin PBXNativeTarget section */
		D8FA40902202EC04003CC79F /* InstitutionApp */ = {
			isa = PBXNativeTarget;
			buildConfigurationList = D8FA40AE2202EC07003CC79F /* Build configuration list for PBXNativeTarget "InstitutionApp" */;
			buildPhases = (
				D8FA408D2202EC04003CC79F /* Sources */,
				D8FA408E2202EC04003CC79F /* Frameworks */,
				D8FA408F2202EC04003CC79F /* Resources */,
			);
			buildRules = (
			);
			dependencies = (
			);
			name = InstitutionApp;
			productName = InstitutionApp;
			productReference = D8FA40912202EC04003CC79F /* InstitutionApp.app */;
			productType = "com.apple.product-type.application";
		};
		D8FA40A42202EC07003CC79F /* InstitutionAppTests */ = {
			isa = PBXNativeTarget;
			buildConfigurationList = D8FA40B12202EC07003CC79F /* Build configuration list for PBXNativeTarget "InstitutionAppTests" */;
			buildPhases = (
				D8FA40A12202EC07003CC79F /* Sources */,
				D8FA40A22202EC07003CC79F /* Frameworks */,
				D8FA40A32202EC07003CC79F /* Resources */,
			);
			buildRules = (
			);
			dependencies = (
				D8FA40A72202EC07003CC79F /* PBXTargetDependency */,
			);
			name = InstitutionAppTests;
			productName = InstitutionAppTests;
			productReference = D8FA40A52202EC07003CC79F /* InstitutionAppTests.xctest */;
			productType = "com.apple.product-type.bundle.unit-test";
		};
/* End PBXNativeTarget section */

/* Begin PBXProject section */
		D8FA40892202EC04003CC79F /* Project object */ = {
			isa = PBXProject;
			attributes = {
				LastSwiftUpdateCheck = 1010;
				LastUpgradeCheck = 1010;
				ORGANIZATIONNAME = "Farhan Tahir";
				TargetAttributes = {
					D8FA40902202EC04003CC79F = {
						CreatedOnToolsVersion = 10.1;
					};
					D8FA40A42202EC07003CC79F = {
						CreatedOnToolsVersion = 10.1;
						TestTargetID = D8FA40902202EC04003CC79F;
					};
				};
			};
			buildConfigurationList = D8FA408C2202EC04003CC79F /* Build configuration list for PBXProject "InstitutionApp" */;
			compatibilityVersion = "Xcode 9.3";
			developmentRegion = en;
			hasScannedForEncodings = 0;
			knownRegions = (
				en,
				Base,
			);
			mainGroup = D8FA40882202EC04003CC79F;
			productRefGroup = D8FA40922202EC04003CC79F /* Products */;
			projectDirPath = "";
			projectRoot = "";
			targets = (
				D8FA40902202EC04003CC79F /* InstitutionApp */,
				D8FA40A42202EC07003CC79F /* InstitutionAppTests */,
			);
		};
/* End PBXProject section */

/* Begin PBXResourcesBuildPhase section */
		D8FA408F2202EC04003CC79F /* Resources */ = {
			isa = PBXResourcesBuildPhase;
			buildActionMask = 2147483647;
			files = (
				D8FA409F2202EC07003CC79F /* LaunchScreen.storyboard in Resources */,
				D8FA409C2202EC06003CC79F /* Assets.xcassets in Resources */,
				D8FA409A2202EC04003CC79F /* Books.storyboard in Resources */,
			);
			runOnlyForDeploymentPostprocessing = 0;
		};
		D8FA40A32202EC07003CC79F /* Resources */ = {
			isa = PBXResourcesBuildPhase;
			buildActionMask = 2147483647;
			files = (
			);
			runOnlyForDeploymentPostprocessing = 0;
		};
/* End PBXResourcesBuildPhase section */

/* Begin PBXSourcesBuildPhase section */
		D8FA408D2202EC04003CC79F /* Sources */ = {
			isa = PBXSourcesBuildPhase;
			buildActionMask = 2147483647;
			files = (
				D8FA40972202EC04003CC79F /* BooksViewController.swift in Sources */,
				D8FA40952202EC04003CC79F /* AppDelegate.swift in Sources */,
			);
			runOnlyForDeploymentPostprocessing = 0;
		};
		D8FA40A12202EC07003CC79F /* Sources */ = {
			isa = PBXSourcesBuildPhase;
			buildActionMask = 2147483647;
			files = (
				D8FA40AA2202EC07003CC79F /* InstitutionAppTests.swift in Sources */,
			);
			runOnlyForDeploymentPostprocessing = 0;
		};
/* End PBXSourcesBuildPhase section */

/* Begin PBXTargetDependency section */
		D8FA40A72202EC07003CC79F /* PBXTargetDependency */ = {
			isa = PBXTargetDependency;
			target = D8FA40902202EC04003CC79F /* InstitutionApp */;
			targetProxy = D8FA40A62202EC07003CC79F /* PBXContainerItemProxy */;
		};
/* End PBXTargetDependency section */

/* Begin PBXVariantGroup section */
		D8FA40982202EC04003CC79F /* Books.storyboard */ = {
			isa = PBXVariantGroup;
			children = (
				D8FA40992202EC04003CC79F /* Base */,
			);
			name = Books.storyboard;
			sourceTree = "<group>";
		};
		D8FA409D2202EC06003CC79F /* LaunchScreen.storyboard */ = {
			isa = PBXVariantGroup;
			children = (
				D8FA409E2202EC06003CC79F /* Base */,
			);
			name = LaunchScreen.storyboard;
			sourceTree = "<group>";
		};
/* End PBXVariantGroup section */

/* Begin XCBuildConfiguration section */
		D8FA40AC2202EC07003CC79F /* Debug */ = {
			isa = XCBuildConfiguration;
			buildSettings = {
				ALWAYS_SEARCH_USER_PATHS = NO;
				CLANG_ANALYZER_NONNULL = YES;
				CLANG_ANALYZER_NUMBER_OBJECT_CONVERSION = YES_AGGRESSIVE;
				CLANG_CXX_LANGUAGE_STANDARD = "gnu++14";
				CLANG_CXX_LIBRARY = "libc++";
				CLANG_ENABLE_MODULES = YES;
				CLANG_ENABLE_OBJC_ARC = YES;
				CLANG_ENABLE_OBJC_WEAK = YES;
				CLANG_WARN_BLOCK_CAPTURE_AUTORELEASING = YES;
				CLANG_WARN_BOOL_CONVERSION = YES;
				CLANG_WARN_COMMA = YES;
				CLANG_WARN_CONSTANT_CONVERSION = YES;
				CLANG_WARN_DEPRECATED_OBJC_IMPLEMENTATIONS = YES;
				CLANG_WARN_DIRECT_OBJC_ISA_USAGE = YES_ERROR;
				CLANG_WARN_DOCUMENTATION_COMMENTS = YES;
				CLANG_WARN_EMPTY_BODY = YES;
				CLANG_WARN_ENUM_CONVERSION = YES;
				CLANG_WARN_INFINITE_RECURSION = YES;
				CLANG_WARN_INT_CONVERSION = YES;
				CLANG_WARN_NON_LITERAL_NULL_CONVERSION = YES;
				CLANG_WARN_OBJC_IMPLICIT_RETAIN_SELF = YES;
				CLANG_WARN_OBJC_LITERAL_CONVERSION = YES;
				CLANG_WARN_OBJC_ROOT_CLASS = YES_ERROR;
				CLANG_WARN_RANGE_LOOP_ANALYSIS = YES;
				CLANG_WARN_STRICT_PROTOTYPES = YES;
				CLANG_WARN_SUSPICIOUS_MOVE = YES;
				CLANG_WARN_UNGUARDED_AVAILABILITY = YES_AGGRESSIVE;
				CLANG_WARN_UNREACHABLE_CODE = YES;
				CLANG_WARN__DUPLICATE_METHOD_MATCH = YES;
				CODE_SIGN_IDENTITY = "iPhone Developer";
				COPY_PHASE_STRIP = NO;
				DEBUG_INFORMATION_FORMAT = dwarf;
				ENABLE_STRICT_OBJC_MSGSEND = YES;
				ENABLE_TESTABILITY = YES;
				GCC_C_LANGUAGE_STANDARD = gnu11;
				GCC_DYNAMIC_NO_PIC = NO;
				GCC_NO_COMMON_BLOCKS = YES;
				GCC_OPTIMIZATION_LEVEL = 0;
				GCC_PREPROCESSOR_DEFINITIONS = (
					"DEBUG=1",
					"$(inherited)",
				);
				GCC_WARN_64_TO_32_BIT_CONVERSION = YES;
				GCC_WARN_ABOUT_RETURN_TYPE = YES_ERROR;
				GCC_WARN_UNDECLARED_SELECTOR = YES;
				GCC_WARN_UNINITIALIZED_AUTOS = YES_AGGRESSIVE;
				GCC_WARN_UNUSED_FUNCTION = YES;
				GCC_WARN_UNUSED_VARIABLE = YES;
				IPHONEOS_DEPLOYMENT_TARGET = 12.1;
				MTL_ENABLE_DEBUG_INFO = INCLUDE_SOURCE;
				MTL_FAST_MATH = YES;
				ONLY_ACTIVE_ARCH = YES;
				SDKROOT = iphoneos;
				SWIFT_ACTIVE_COMPILATION_CONDITIONS = DEBUG;
				SWIFT_OPTIMIZATION_LEVEL = "-Onone";
			};
			name = Debug;
		};
		D8FA40AD2202EC07003CC79F /* Release */ = {
			isa = XCBuildConfiguration;
			buildSettings = {
				ALWAYS_SEARCH_USER_PATHS = NO;
				CLANG_ANALYZER_NONNULL = YES;
				CLANG_ANALYZER_NUMBER_OBJECT_CONVERSION = YES_AGGRESSIVE;
				CLANG_CXX_LANGUAGE_STANDARD = "gnu++14";
				CLANG_CXX_LIBRARY = "libc++";
				CLANG_ENABLE_MODULES = YES;
				CLANG_ENABLE_OBJC_ARC = YES;
				CLANG_ENABLE_OBJC_WEAK = YES;
				CLANG_WARN_BLOCK_CAPTURE_AUTORELEASING = YES;
				CLANG_WARN_BOOL_CONVERSION = YES;
				CLANG_WARN_COMMA = YES;
				CLANG_WARN_CONSTANT_CONVERSION = YES;
				CLANG_WARN_DEPRECATED_OBJC_IMPLEMENTATIONS = YES;
				CLANG_WARN_DIRECT_OBJC_ISA_USAGE = YES_ERROR;
				CLANG_WARN_DOCUMENTATION_COMMENTS = YES;
				CLANG_WARN_EMPTY_BODY = YES;
				CLANG_WARN_ENUM_CONVERSION = YES;
				CLANG_WARN_INFINITE_RECURSION = YES;
				CLANG_WARN_INT_CONVERSION = YES;
				CLANG_WARN_NON_LITERAL_NULL_CONVERSION = YES;
				CLANG_WARN_OBJC_IMPLICIT_RETAIN_SELF = YES;
				CLANG_WARN_OBJC_LITERAL_CONVERSION = YES;
				CLANG_WARN_OBJC_ROOT_CLASS = YES_ERROR;
				CLANG_WARN_RANGE_LOOP_ANALYSIS = YES;
				CLANG_WARN_STRICT_PROTOTYPES = YES;
				CLANG_WARN_SUSPICIOUS_MOVE = YES;
				CLANG_WARN_UNGUARDED_AVAILABILITY = YES_AGGRESSIVE;
				CLANG_WARN_UNREACHABLE_CODE = YES;
				CLANG_WARN__DUPLICATE_METHOD_MATCH = YES;
				CODE_SIGN_IDENTITY = "iPhone Developer";
				COPY_PHASE_STRIP = NO;
				DEBUG_INFORMATION_FORMAT = "dwarf-with-dsym";
				ENABLE_NS_ASSERTIONS = NO;
				ENABLE_STRICT_OBJC_MSGSEND = YES;
				GCC_C_LANGUAGE_STANDARD = gnu11;
				GCC_NO_COMMON_BLOCKS = YES;
				GCC_WARN_64_TO_32_BIT_CONVERSION = YES;
				GCC_WARN_ABOUT_RETURN_TYPE = YES_ERROR;
				GCC_WARN_UNDECLARED_SELECTOR = YES;
				GCC_WARN_UNINITIALIZED_AUTOS = YES_AGGRESSIVE;
				GCC_WARN_UNUSED_FUNCTION = YES;
				GCC_WARN_UNUSED_VARIABLE = YES;
				IPHONEOS_DEPLOYMENT_TARGET = 12.1;
				MTL_ENABLE_DEBUG_INFO = NO;
				MTL_FAST_MATH = YES;
				SDKROOT = iphoneos;
				SWIFT_COMPILATION_MODE = wholemodule;
				SWIFT_OPTIMIZATION_LEVEL = "-O";
				VALIDATE_PRODUCT = YES;
			};
			name = Release;
		};
		D8FA40AF2202EC07003CC79F /* Debug */ = {
			isa = XCBuildConfiguration;
			buildSettings = {
				ASSETCATALOG_COMPILER_APPICON_NAME = AppIcon;
				CODE_SIGN_STYLE = Automatic;
				DEVELOPMENT_TEAM = HGY2RQ2389;
				INFOPLIST_FILE = "$(SRCROOT)/InstitutionApp/Resources/Info.plist";
				LD_RUNPATH_SEARCH_PATHS = (
					"$(inherited)",
					"@executable_path/Frameworks",
				);
				PRODUCT_BUNDLE_IDENTIFIER = com.ft.InstitutionApp;
				PRODUCT_NAME = "$(TARGET_NAME)";
				SWIFT_VERSION = 4.2;
				TARGETED_DEVICE_FAMILY = "1,2";
			};
			name = Debug;
		};
		D8FA40B02202EC07003CC79F /* Release */ = {
			isa = XCBuildConfiguration;
			buildSettings = {
				ASSETCATALOG_COMPILER_APPICON_NAME = AppIcon;
				CODE_SIGN_STYLE = Automatic;
				DEVELOPMENT_TEAM = HGY2RQ2389;
				INFOPLIST_FILE = "$(SRCROOT)/InstitutionApp/Resources/Info.plist";
				LD_RUNPATH_SEARCH_PATHS = (
					"$(inherited)",
					"@executable_path/Frameworks",
				);
				PRODUCT_BUNDLE_IDENTIFIER = com.ft.InstitutionApp;
				PRODUCT_NAME = "$(TARGET_NAME)";
				SWIFT_VERSION = 4.2;
				TARGETED_DEVICE_FAMILY = "1,2";
			};
			name = Release;
		};
		D8FA40B22202EC07003CC79F /* Debug */ = {
			isa = XCBuildConfiguration;
			buildSettings = {
				ALWAYS_EMBED_SWIFT_STANDARD_LIBRARIES = YES;
				BUNDLE_LOADER = "$(TEST_HOST)";
				CODE_SIGN_STYLE = Automatic;
				DEVELOPMENT_TEAM = HGY2RQ2389;
				INFOPLIST_FILE = InstitutionAppTests/Info.plist;
				LD_RUNPATH_SEARCH_PATHS = (
					"$(inherited)",
					"@executable_path/Frameworks",
					"@loader_path/Frameworks",
				);
				PRODUCT_BUNDLE_IDENTIFIER = com.ft.InstitutionAppTests;
				PRODUCT_NAME = "$(TARGET_NAME)";
				SWIFT_VERSION = 4.2;
				TARGETED_DEVICE_FAMILY = "1,2";
				TEST_HOST = "$(BUILT_PRODUCTS_DIR)/InstitutionApp.app/InstitutionApp";
			};
			name = Debug;
		};
		D8FA40B32202EC07003CC79F /* Release */ = {
			isa = XCBuildConfiguration;
			buildSettings = {
				ALWAYS_EMBED_SWIFT_STANDARD_LIBRARIES = YES;
				BUNDLE_LOADER = "$(TEST_HOST)";
				CODE_SIGN_STYLE = Automatic;
				DEVELOPMENT_TEAM = HGY2RQ2389;
				INFOPLIST_FILE = InstitutionAppTests/Info.plist;
				LD_RUNPATH_SEARCH_PATHS = (
					"$(inherited)",
					"@executable_path/Frameworks",
					"@loader_path/Frameworks",
				);
				PRODUCT_BUNDLE_IDENTIFIER = com.ft.InstitutionAppTests;
				PRODUCT_NAME = "$(TARGET_NAME)";
				SWIFT_VERSION = 4.2;
				TARGETED_DEVICE_FAMILY = "1,2";
				TEST_HOST = "$(BUILT_PRODUCTS_DIR)/InstitutionApp.app/InstitutionApp";
			};
			name = Release;
		};
/* End XCBuildConfiguration section */

/* Begin XCConfigurationList section */
		D8FA408C2202EC04003CC79F /* Build configuration list for PBXProject "InstitutionApp" */ = {
			isa = XCConfigurationList;
			buildConfigurations = (
				D8FA40AC2202EC07003CC79F /* Debug */,
				D8FA40AD2202EC07003CC79F /* Release */,
			);
			defaultConfigurationIsVisible = 0;
			defaultConfigurationName = Release;
		};
		D8FA40AE2202EC07003CC79F /* Build configuration list for PBXNativeTarget "InstitutionApp" */ = {
			isa = XCConfigurationList;
			buildConfigurations = (
				D8FA40AF2202EC07003CC79F /* Debug */,
				D8FA40B02202EC07003CC79F /* Release */,
			);
			defaultConfigurationIsVisible = 0;
			defaultConfigurationName = Release;
		};
		D8FA40B12202EC07003CC79F /* Build configuration list for PBXNativeTarget "InstitutionAppTests" */ = {
			isa = XCConfigurationList;
			buildConfigurations = (
				D8FA40B22202EC07003CC79F /* Debug */,
				D8FA40B32202EC07003CC79F /* Release */,
			);
			defaultConfigurationIsVisible = 0;
			defaultConfigurationName = Release;
		};
/* End XCConfigurationList section */
	};
	rootObject = D8FA40892202EC04003CC79F /* Project object */;
}
